// !$*UTF8*$!
{
	archiveVersion = 1;
	classes = {
	};
	objectVersion = 56;
	objects = {

/* Begin PBXBuildFile section */
		4E30C373296FD406008E21A8 /* Networking.swift in Sources */ = {isa = PBXBuildFile; fileRef = 4E30C372296FD406008E21A8 /* Networking.swift */; };
		4E30C375296FD5E1008E21A8 /* AppSecret.swift in Sources */ = {isa = PBXBuildFile; fileRef = 4E30C374296FD5E1008E21A8 /* AppSecret.swift */; };
		4E30C377296FD62F008E21A8 /* News.swift in Sources */ = {isa = PBXBuildFile; fileRef = 4E30C376296FD62F008E21A8 /* News.swift */; };
		4E30C37929766A93008E21A8 /* TableViewController.swift in Sources */ = {isa = PBXBuildFile; fileRef = 4E30C37829766A93008E21A8 /* TableViewController.swift */; };
		4E30C37B29766D38008E21A8 /* SearchResult.swift in Sources */ = {isa = PBXBuildFile; fileRef = 4E30C37A29766D38008E21A8 /* SearchResult.swift */; };
		4E30C37D297672CB008E21A8 /* NewsCard.swift in Sources */ = {isa = PBXBuildFile; fileRef = 4E30C37C297672CB008E21A8 /* NewsCard.swift */; };
		4E30C37F2979181B008E21A8 /* SeachVCViewController.swift in Sources */ = {isa = PBXBuildFile; fileRef = 4E30C37E2979181B008E21A8 /* SeachVCViewController.swift */; };
		4E30C38129791843008E21A8 /* SourcesList.swift in Sources */ = {isa = PBXBuildFile; fileRef = 4E30C38029791843008E21A8 /* SourcesList.swift */; };
		4E30C38529794F93008E21A8 /* catogericalSearch.swift in Sources */ = {isa = PBXBuildFile; fileRef = 4E30C38429794F93008E21A8 /* catogericalSearch.swift */; };
		4E30C387297955BB008E21A8 /* CatogeriesCollectionViewCell.swift in Sources */ = {isa = PBXBuildFile; fileRef = 4E30C386297955BA008E21A8 /* CatogeriesCollectionViewCell.swift */; };
		4E30C38D297EDAFC008E21A8 /* MapScene.swift in Sources */ = {isa = PBXBuildFile; fileRef = 4E30C38C297EDAFC008E21A8 /* MapScene.swift */; };
		4E30C3912982928B008E21A8 /* SwipingController.swift in Sources */ = {isa = PBXBuildFile; fileRef = 4E30C3902982928B008E21A8 /* SwipingController.swift */; };
		4E30C39329839F5F008E21A8 /* NewsCardCV.swift in Sources */ = {isa = PBXBuildFile; fileRef = 4E30C39229839F5F008E21A8 /* NewsCardCV.swift */; };
		4E30C3952983A42E008E21A8 /* HomePage.swift in Sources */ = {isa = PBXBuildFile; fileRef = 4E30C3942983A42E008E21A8 /* HomePage.swift */; };
		4E30C3B9298A43D8008E21A8 /* BrowserView.swift in Sources */ = {isa = PBXBuildFile; fileRef = 4E30C3B8298A43D8008E21A8 /* BrowserView.swift */; };
		4EEF16F2298BAC0F00754EDD /* Sources.swift in Sources */ = {isa = PBXBuildFile; fileRef = 4EEF16F1298BAC0F00754EDD /* Sources.swift */; };
		4EEF16F4298BC88300754EDD /* SourceViewCell.swift in Sources */ = {isa = PBXBuildFile; fileRef = 4EEF16F3298BC88300754EDD /* SourceViewCell.swift */; };
		4EEF16F6298CC31F00754EDD /* AppNavigationViewController.swift in Sources */ = {isa = PBXBuildFile; fileRef = 4EEF16F5298CC31F00754EDD /* AppNavigationViewController.swift */; };
		4EEF16F8298CFA2600754EDD /* Preferences.swift in Sources */ = {isa = PBXBuildFile; fileRef = 4EEF16F7298CFA2600754EDD /* Preferences.swift */; };
		4EF6DCDE296EBEBD00EB9360 /* AppDelegate.swift in Sources */ = {isa = PBXBuildFile; fileRef = 4EF6DCDD296EBEBD00EB9360 /* AppDelegate.swift */; };
		4EF6DCE0296EBEBD00EB9360 /* SceneDelegate.swift in Sources */ = {isa = PBXBuildFile; fileRef = 4EF6DCDF296EBEBD00EB9360 /* SceneDelegate.swift */; };
		4EF6DCE2296EBEBD00EB9360 /* ViewController.swift in Sources */ = {isa = PBXBuildFile; fileRef = 4EF6DCE1296EBEBD00EB9360 /* ViewController.swift */; };
		4EF6DCE5296EBEBD00EB9360 /* Main.storyboard in Resources */ = {isa = PBXBuildFile; fileRef = 4EF6DCE3296EBEBD00EB9360 /* Main.storyboard */; };
		4EF6DCE7296EBEBE00EB9360 /* Assets.xcassets in Resources */ = {isa = PBXBuildFile; fileRef = 4EF6DCE6296EBEBE00EB9360 /* Assets.xcassets */; };
		4EF6DCEA296EBEBE00EB9360 /* LaunchScreen.storyboard in Resources */ = {isa = PBXBuildFile; fileRef = 4EF6DCE8296EBEBE00EB9360 /* LaunchScreen.storyboard */; };
		6D5CE60ECB4BA81D001FD63F /* libPods-Artemis.a in Frameworks */ = {isa = PBXBuildFile; fileRef = B18843EA6AA2394C2B44691D /* libPods-Artemis.a */; };
/* End PBXBuildFile section */

/* Begin PBXFileReference section */
		4E30C372296FD406008E21A8 /* Networking.swift */ = {isa = PBXFileReference; lastKnownFileType = sourcecode.swift; path = Networking.swift; sourceTree = "<group>"; };
		4E30C374296FD5E1008E21A8 /* AppSecret.swift */ = {isa = PBXFileReference; lastKnownFileType = sourcecode.swift; path = AppSecret.swift; sourceTree = "<group>"; };
		4E30C376296FD62F008E21A8 /* News.swift */ = {isa = PBXFileReference; lastKnownFileType = sourcecode.swift; path = News.swift; sourceTree = "<group>"; };
		4E30C37829766A93008E21A8 /* TableViewController.swift */ = {isa = PBXFileReference; lastKnownFileType = sourcecode.swift; path = TableViewController.swift; sourceTree = "<group>"; };
		4E30C37A29766D38008E21A8 /* SearchResult.swift */ = {isa = PBXFileReference; lastKnownFileType = sourcecode.swift; path = SearchResult.swift; sourceTree = "<group>"; };
		4E30C37C297672CB008E21A8 /* NewsCard.swift */ = {isa = PBXFileReference; lastKnownFileType = sourcecode.swift; path = NewsCard.swift; sourceTree = "<group>"; };
		4E30C37E2979181B008E21A8 /* SeachVCViewController.swift */ = {isa = PBXFileReference; lastKnownFileType = sourcecode.swift; path = SeachVCViewController.swift; sourceTree = "<group>"; };
		4E30C38029791843008E21A8 /* SourcesList.swift */ = {isa = PBXFileReference; lastKnownFileType = sourcecode.swift; path = SourcesList.swift; sourceTree = "<group>"; };
		4E30C38429794F93008E21A8 /* catogericalSearch.swift */ = {isa = PBXFileReference; lastKnownFileType = sourcecode.swift; path = catogericalSearch.swift; sourceTree = "<group>"; };
		4E30C386297955BA008E21A8 /* CatogeriesCollectionViewCell.swift */ = {isa = PBXFileReference; lastKnownFileType = sourcecode.swift; path = CatogeriesCollectionViewCell.swift; sourceTree = "<group>"; };
		4E30C38C297EDAFC008E21A8 /* MapScene.swift */ = {isa = PBXFileReference; lastKnownFileType = sourcecode.swift; path = MapScene.swift; sourceTree = "<group>"; };
		4E30C3902982928B008E21A8 /* SwipingController.swift */ = {isa = PBXFileReference; lastKnownFileType = sourcecode.swift; path = SwipingController.swift; sourceTree = "<group>"; };
		4E30C39229839F5F008E21A8 /* NewsCardCV.swift */ = {isa = PBXFileReference; lastKnownFileType = sourcecode.swift; path = NewsCardCV.swift; sourceTree = "<group>"; };
		4E30C3942983A42E008E21A8 /* HomePage.swift */ = {isa = PBXFileReference; lastKnownFileType = sourcecode.swift; path = HomePage.swift; sourceTree = "<group>"; };
		4E30C3B8298A43D8008E21A8 /* BrowserView.swift */ = {isa = PBXFileReference; lastKnownFileType = sourcecode.swift; path = BrowserView.swift; sourceTree = "<group>"; };
		4EEF16F1298BAC0F00754EDD /* Sources.swift */ = {isa = PBXFileReference; lastKnownFileType = sourcecode.swift; path = Sources.swift; sourceTree = "<group>"; };
		4EEF16F3298BC88300754EDD /* SourceViewCell.swift */ = {isa = PBXFileReference; lastKnownFileType = sourcecode.swift; path = SourceViewCell.swift; sourceTree = "<group>"; };
		4EEF16F5298CC31F00754EDD /* AppNavigationViewController.swift */ = {isa = PBXFileReference; lastKnownFileType = sourcecode.swift; path = AppNavigationViewController.swift; sourceTree = "<group>"; };
		4EEF16F7298CFA2600754EDD /* Preferences.swift */ = {isa = PBXFileReference; lastKnownFileType = sourcecode.swift; path = Preferences.swift; sourceTree = "<group>"; };
		4EF6DCDA296EBEBD00EB9360 /* Artemis.app */ = {isa = PBXFileReference; explicitFileType = wrapper.application; includeInIndex = 0; path = Artemis.app; sourceTree = BUILT_PRODUCTS_DIR; };
		4EF6DCDD296EBEBD00EB9360 /* AppDelegate.swift */ = {isa = PBXFileReference; lastKnownFileType = sourcecode.swift; path = AppDelegate.swift; sourceTree = "<group>"; };
		4EF6DCDF296EBEBD00EB9360 /* SceneDelegate.swift */ = {isa = PBXFileReference; lastKnownFileType = sourcecode.swift; path = SceneDelegate.swift; sourceTree = "<group>"; };
		4EF6DCE1296EBEBD00EB9360 /* ViewController.swift */ = {isa = PBXFileReference; lastKnownFileType = sourcecode.swift; path = ViewController.swift; sourceTree = "<group>"; };
		4EF6DCE4296EBEBD00EB9360 /* Base */ = {isa = PBXFileReference; lastKnownFileType = file.storyboard; name = Base; path = Base.lproj/Main.storyboard; sourceTree = "<group>"; };
		4EF6DCE6296EBEBE00EB9360 /* Assets.xcassets */ = {isa = PBXFileReference; lastKnownFileType = folder.assetcatalog; path = Assets.xcassets; sourceTree = "<group>"; };
		4EF6DCE9296EBEBE00EB9360 /* Base */ = {isa = PBXFileReference; lastKnownFileType = file.storyboard; name = Base; path = Base.lproj/LaunchScreen.storyboard; sourceTree = "<group>"; };
		4EF6DCEB296EBEBE00EB9360 /* Info.plist */ = {isa = PBXFileReference; lastKnownFileType = text.plist.xml; path = Info.plist; sourceTree = "<group>"; };
		B18843EA6AA2394C2B44691D /* libPods-Artemis.a */ = {isa = PBXFileReference; explicitFileType = archive.ar; includeInIndex = 0; path = "libPods-Artemis.a"; sourceTree = BUILT_PRODUCTS_DIR; };
		B6A8494FE85B7741DC36C2E1 /* Pods-Artemis.release.xcconfig */ = {isa = PBXFileReference; includeInIndex = 1; lastKnownFileType = text.xcconfig; name = "Pods-Artemis.release.xcconfig"; path = "Target Support Files/Pods-Artemis/Pods-Artemis.release.xcconfig"; sourceTree = "<group>"; };
		F94AE177983F5CE5A47B7235 /* Pods-Artemis.debug.xcconfig */ = {isa = PBXFileReference; includeInIndex = 1; lastKnownFileType = text.xcconfig; name = "Pods-Artemis.debug.xcconfig"; path = "Target Support Files/Pods-Artemis/Pods-Artemis.debug.xcconfig"; sourceTree = "<group>"; };
/* End PBXFileReference section */

/* Begin PBXFrameworksBuildPhase section */
		4EF6DCD7296EBEBD00EB9360 /* Frameworks */ = {
			isa = PBXFrameworksBuildPhase;
			buildActionMask = 2147483647;
			files = (
				6D5CE60ECB4BA81D001FD63F /* libPods-Artemis.a in Frameworks */,
			);
			runOnlyForDeploymentPostprocessing = 0;
		};
/* End PBXFrameworksBuildPhase section */

/* Begin PBXGroup section */
		4D821AC65C3D794FF7717A38 /* Pods */ = {
			isa = PBXGroup;
			children = (
				F94AE177983F5CE5A47B7235 /* Pods-Artemis.debug.xcconfig */,
				B6A8494FE85B7741DC36C2E1 /* Pods-Artemis.release.xcconfig */,
			);
			path = Pods;
			sourceTree = "<group>";
		};
		4EF6DCD1296EBEBC00EB9360 = {
			isa = PBXGroup;
			children = (
				4E30C3B8298A43D8008E21A8 /* BrowserView.swift */,
				4E30C3902982928B008E21A8 /* SwipingController.swift */,
				4E30C386297955BA008E21A8 /* CatogeriesCollectionViewCell.swift */,
				4E30C38429794F93008E21A8 /* catogericalSearch.swift */,
				4E30C3942983A42E008E21A8 /* HomePage.swift */,
				4E30C37C297672CB008E21A8 /* NewsCard.swift */,
				4E30C39229839F5F008E21A8 /* NewsCardCV.swift */,
				4EF6DCDC296EBEBD00EB9360 /* Artemis */,
				4EF6DCDB296EBEBD00EB9360 /* Products */,
				4D821AC65C3D794FF7717A38 /* Pods */,
				ED8E907B6659E0BC90101DCA /* Frameworks */,
			);
			sourceTree = "<group>";
		};
		4EF6DCDB296EBEBD00EB9360 /* Products */ = {
			isa = PBXGroup;
			children = (
				4EF6DCDA296EBEBD00EB9360 /* Artemis.app */,
			);
			name = Products;
			sourceTree = "<group>";
		};
		4EF6DCDC296EBEBD00EB9360 /* Artemis */ = {
			isa = PBXGroup;
			children = (
				4EF6DCDD296EBEBD00EB9360 /* AppDelegate.swift */,
				4EF6DCDF296EBEBD00EB9360 /* SceneDelegate.swift */,
				4EEF16F7298CFA2600754EDD /* Preferences.swift */,
				4EEF16F5298CC31F00754EDD /* AppNavigationViewController.swift */,
				4E30C38C297EDAFC008E21A8 /* MapScene.swift */,
				4EF6DCE1296EBEBD00EB9360 /* ViewController.swift */,
				4E30C37829766A93008E21A8 /* TableViewController.swift */,
				4E30C37A29766D38008E21A8 /* SearchResult.swift */,
				4EF6DCE3296EBEBD00EB9360 /* Main.storyboard */,
				4EF6DCE6296EBEBE00EB9360 /* Assets.xcassets */,
				4EF6DCE8296EBEBE00EB9360 /* LaunchScreen.storyboard */,
				4EF6DCEB296EBEBE00EB9360 /* Info.plist */,
				4E30C372296FD406008E21A8 /* Networking.swift */,
				4EEF16F1298BAC0F00754EDD /* Sources.swift */,
				4E30C376296FD62F008E21A8 /* News.swift */,
				4E30C374296FD5E1008E21A8 /* AppSecret.swift */,
				4E30C37E2979181B008E21A8 /* SeachVCViewController.swift */,
				4E30C38029791843008E21A8 /* SourcesList.swift */,
				4EEF16F3298BC88300754EDD /* SourceViewCell.swift */,
			);
			path = Artemis;
			sourceTree = "<group>";
		};
		ED8E907B6659E0BC90101DCA /* Frameworks */ = {
			isa = PBXGroup;
			children = (
				B18843EA6AA2394C2B44691D /* libPods-Artemis.a */,
			);
			name = Frameworks;
			sourceTree = "<group>";
		};
/* End PBXGroup section */

/* Begin PBXNativeTarget section */
		4EF6DCD9296EBEBD00EB9360 /* Artemis */ = {
			isa = PBXNativeTarget;
			buildConfigurationList = 4EF6DCEE296EBEBE00EB9360 /* Build configuration list for PBXNativeTarget "Artemis" */;
			buildPhases = (
				69E41774FDC3BCF55272AD07 /* [CP] Check Pods Manifest.lock */,
				4EF6DCD6296EBEBD00EB9360 /* Sources */,
				4EF6DCD7296EBEBD00EB9360 /* Frameworks */,
				4EF6DCD8296EBEBD00EB9360 /* Resources */,
				1A5E85706AE739CFE07997E0 /* [CP] Copy Pods Resources */,
			);
			buildRules = (
			);
			dependencies = (
			);
			name = Artemis;
			productName = Artemis;
			productReference = 4EF6DCDA296EBEBD00EB9360 /* Artemis.app */;
			productType = "com.apple.product-type.application";
		};
/* End PBXNativeTarget section */

/* Begin PBXProject section */
		4EF6DCD2296EBEBC00EB9360 /* Project object */ = {
			isa = PBXProject;
			attributes = {
				BuildIndependentTargetsInParallel = 1;
				LastSwiftUpdateCheck = 1420;
				LastUpgradeCheck = 1420;
				TargetAttributes = {
					4EF6DCD9296EBEBD00EB9360 = {
						CreatedOnToolsVersion = 14.2;
					};
				};
			};
			buildConfigurationList = 4EF6DCD5296EBEBC00EB9360 /* Build configuration list for PBXProject "Artemis" */;
			compatibilityVersion = "Xcode 14.0";
			developmentRegion = en;
			hasScannedForEncodings = 0;
			knownRegions = (
				en,
				Base,
			);
			mainGroup = 4EF6DCD1296EBEBC00EB9360;
			productRefGroup = 4EF6DCDB296EBEBD00EB9360 /* Products */;
			projectDirPath = "";
			projectRoot = "";
			targets = (
				4EF6DCD9296EBEBD00EB9360 /* Artemis */,
			);
		};
/* End PBXProject section */

/* Begin PBXResourcesBuildPhase section */
		4EF6DCD8296EBEBD00EB9360 /* Resources */ = {
			isa = PBXResourcesBuildPhase;
			buildActionMask = 2147483647;
			files = (
				4EF6DCEA296EBEBE00EB9360 /* LaunchScreen.storyboard in Resources */,
				4EF6DCE7296EBEBE00EB9360 /* Assets.xcassets in Resources */,
				4EF6DCE5296EBEBD00EB9360 /* Main.storyboard in Resources */,
			);
			runOnlyForDeploymentPostprocessing = 0;
		};
/* End PBXResourcesBuildPhase section */

/* Begin PBXShellScriptBuildPhase section */
		1A5E85706AE739CFE07997E0 /* [CP] Copy Pods Resources */ = {
			isa = PBXShellScriptBuildPhase;
			buildActionMask = 2147483647;
			files = (
			);
			inputFileListPaths = (
				"${PODS_ROOT}/Target Support Files/Pods-Artemis/Pods-Artemis-resources-${CONFIGURATION}-input-files.xcfilelist",
			);
			name = "[CP] Copy Pods Resources";
			outputFileListPaths = (
				"${PODS_ROOT}/Target Support Files/Pods-Artemis/Pods-Artemis-resources-${CONFIGURATION}-output-files.xcfilelist",
			);
			runOnlyForDeploymentPostprocessing = 0;
			shellPath = /bin/sh;
			shellScript = "\"${PODS_ROOT}/Target Support Files/Pods-Artemis/Pods-Artemis-resources.sh\"\n";
			showEnvVarsInLog = 0;
		};
		69E41774FDC3BCF55272AD07 /* [CP] Check Pods Manifest.lock */ = {
			isa = PBXShellScriptBuildPhase;
			buildActionMask = 2147483647;
			files = (
			);
			inputFileListPaths = (
			);
			inputPaths = (
				"${PODS_PODFILE_DIR_PATH}/Podfile.lock",
				"${PODS_ROOT}/Manifest.lock",
			);
			name = "[CP] Check Pods Manifest.lock";
			outputFileListPaths = (
			);
			outputPaths = (
				"$(DERIVED_FILE_DIR)/Pods-Artemis-checkManifestLockResult.txt",
			);
			runOnlyForDeploymentPostprocessing = 0;
			shellPath = /bin/sh;
			shellScript = "diff \"${PODS_PODFILE_DIR_PATH}/Podfile.lock\" \"${PODS_ROOT}/Manifest.lock\" > /dev/null\nif [ $? != 0 ] ; then\n    # print error to STDERR\n    echo \"error: The sandbox is not in sync with the Podfile.lock. Run 'pod install' or update your CocoaPods installation.\" >&2\n    exit 1\nfi\n# This output is used by Xcode 'outputs' to avoid re-running this script phase.\necho \"SUCCESS\" > \"${SCRIPT_OUTPUT_FILE_0}\"\n";
			showEnvVarsInLog = 0;
		};
/* End PBXShellScriptBuildPhase section */

/* Begin PBXSourcesBuildPhase section */
		4EF6DCD6296EBEBD00EB9360 /* Sources */ = {
			isa = PBXSourcesBuildPhase;
			buildActionMask = 2147483647;
			files = (
				4E30C37D297672CB008E21A8 /* NewsCard.swift in Sources */,
				4E30C377296FD62F008E21A8 /* News.swift in Sources */,
				4E30C37B29766D38008E21A8 /* SearchResult.swift in Sources */,
				4E30C37929766A93008E21A8 /* TableViewController.swift in Sources */,
				4E30C3952983A42E008E21A8 /* HomePage.swift in Sources */,
				4EF6DCE2296EBEBD00EB9360 /* ViewController.swift in Sources */,
				4EF6DCDE296EBEBD00EB9360 /* AppDelegate.swift in Sources */,
				4E30C38529794F93008E21A8 /* catogericalSearch.swift in Sources */,
				4E30C37F2979181B008E21A8 /* SeachVCViewController.swift in Sources */,
				4E30C3912982928B008E21A8 /* SwipingController.swift in Sources */,
				4EF6DCE0296EBEBD00EB9360 /* SceneDelegate.swift in Sources */,
				4EEF16F4298BC88300754EDD /* SourceViewCell.swift in Sources */,
				4E30C3B9298A43D8008E21A8 /* BrowserView.swift in Sources */,
				4E30C38129791843008E21A8 /* SourcesList.swift in Sources */,
				4E30C39329839F5F008E21A8 /* NewsCardCV.swift in Sources */,
				4E30C375296FD5E1008E21A8 /* AppSecret.swift in Sources */,
				4E30C373296FD406008E21A8 /* Networking.swift in Sources */,
				4E30C387297955BB008E21A8 /* CatogeriesCollectionViewCell.swift in Sources */,
				4EEF16F8298CFA2600754EDD /* Preferences.swift in Sources */,
				4EEF16F2298BAC0F00754EDD /* Sources.swift in Sources */,
				4EEF16F6298CC31F00754EDD /* AppNavigationViewController.swift in Sources */,
				4E30C38D297EDAFC008E21A8 /* MapScene.swift in Sources */,
			);
			runOnlyForDeploymentPostprocessing = 0;
		};
/* End PBXSourcesBuildPhase section */

/* Begin PBXVariantGroup section */
		4EF6DCE3296EBEBD00EB9360 /* Main.storyboard */ = {
			isa = PBXVariantGroup;
			children = (
				4EF6DCE4296EBEBD00EB9360 /* Base */,
			);
			name = Main.storyboard;
			sourceTree = "<group>";
		};
		4EF6DCE8296EBEBE00EB9360 /* LaunchScreen.storyboard */ = {
			isa = PBXVariantGroup;
			children = (
				4EF6DCE9296EBEBE00EB9360 /* Base */,
			);
			name = LaunchScreen.storyboard;
			sourceTree = "<group>";
		};
/* End PBXVariantGroup section */

/* Begin XCBuildConfiguration section */
		4EF6DCEC296EBEBE00EB9360 /* Debug */ = {
			isa = XCBuildConfiguration;
			buildSettings = {
				ALWAYS_SEARCH_USER_PATHS = NO;
				CLANG_ANALYZER_NONNULL = YES;
				CLANG_ANALYZER_NUMBER_OBJECT_CONVERSION = YES_AGGRESSIVE;
				CLANG_CXX_LANGUAGE_STANDARD = "gnu++20";
				CLANG_ENABLE_MODULES = YES;
				CLANG_ENABLE_OBJC_ARC = YES;
				CLANG_ENABLE_OBJC_WEAK = YES;
				CLANG_WARN_BLOCK_CAPTURE_AUTORELEASING = YES;
				CLANG_WARN_BOOL_CONVERSION = YES;
				CLANG_WARN_COMMA = YES;
				CLANG_WARN_CONSTANT_CONVERSION = YES;
				CLANG_WARN_DEPRECATED_OBJC_IMPLEMENTATIONS = YES;
				CLANG_WARN_DIRECT_OBJC_ISA_USAGE = YES_ERROR;
				CLANG_WARN_DOCUMENTATION_COMMENTS = YES;
				CLANG_WARN_EMPTY_BODY = YES;
				CLANG_WARN_ENUM_CONVERSION = YES;
				CLANG_WARN_INFINITE_RECURSION = YES;
				CLANG_WARN_INT_CONVERSION = YES;
				CLANG_WARN_NON_LITERAL_NULL_CONVERSION = YES;
				CLANG_WARN_OBJC_IMPLICIT_RETAIN_SELF = YES;
				CLANG_WARN_OBJC_LITERAL_CONVERSION = YES;
				CLANG_WARN_OBJC_ROOT_CLASS = YES_ERROR;
				CLANG_WARN_QUOTED_INCLUDE_IN_FRAMEWORK_HEADER = YES;
				CLANG_WARN_RANGE_LOOP_ANALYSIS = YES;
				CLANG_WARN_STRICT_PROTOTYPES = YES;
				CLANG_WARN_SUSPICIOUS_MOVE = YES;
				CLANG_WARN_UNGUARDED_AVAILABILITY = YES_AGGRESSIVE;
				CLANG_WARN_UNREACHABLE_CODE = YES;
				CLANG_WARN__DUPLICATE_METHOD_MATCH = YES;
				COPY_PHASE_STRIP = NO;
				DEBUG_INFORMATION_FORMAT = dwarf;
				ENABLE_STRICT_OBJC_MSGSEND = YES;
				ENABLE_TESTABILITY = YES;
				GCC_C_LANGUAGE_STANDARD = gnu11;
				GCC_DYNAMIC_NO_PIC = NO;
				GCC_NO_COMMON_BLOCKS = YES;
				GCC_OPTIMIZATION_LEVEL = 0;
				GCC_PREPROCESSOR_DEFINITIONS = (
					"DEBUG=1",
					"$(inherited)",
				);
				GCC_WARN_64_TO_32_BIT_CONVERSION = YES;
				GCC_WARN_ABOUT_RETURN_TYPE = YES_ERROR;
				GCC_WARN_UNDECLARED_SELECTOR = YES;
				GCC_WARN_UNINITIALIZED_AUTOS = YES_AGGRESSIVE;
				GCC_WARN_UNUSED_FUNCTION = YES;
				GCC_WARN_UNUSED_VARIABLE = YES;
				IPHONEOS_DEPLOYMENT_TARGET = 16.2;
				MTL_ENABLE_DEBUG_INFO = INCLUDE_SOURCE;
				MTL_FAST_MATH = YES;
				ONLY_ACTIVE_ARCH = YES;
				SDKROOT = iphoneos;
				SWIFT_ACTIVE_COMPILATION_CONDITIONS = DEBUG;
				SWIFT_OPTIMIZATION_LEVEL = "-Onone";
			};
			name = Debug;
		};
		4EF6DCED296EBEBE00EB9360 /* Release */ = {
			isa = XCBuildConfiguration;
			buildSettings = {
				ALWAYS_SEARCH_USER_PATHS = NO;
				CLANG_ANALYZER_NONNULL = YES;
				CLANG_ANALYZER_NUMBER_OBJECT_CONVERSION = YES_AGGRESSIVE;
				CLANG_CXX_LANGUAGE_STANDARD = "gnu++20";
				CLANG_ENABLE_MODULES = YES;
				CLANG_ENABLE_OBJC_ARC = YES;
				CLANG_ENABLE_OBJC_WEAK = YES;
				CLANG_WARN_BLOCK_CAPTURE_AUTORELEASING = YES;
				CLANG_WARN_BOOL_CONVERSION = YES;
				CLANG_WARN_COMMA = YES;
				CLANG_WARN_CONSTANT_CONVERSION = YES;
				CLANG_WARN_DEPRECATED_OBJC_IMPLEMENTATIONS = YES;
				CLANG_WARN_DIRECT_OBJC_ISA_USAGE = YES_ERROR;
				CLANG_WARN_DOCUMENTATION_COMMENTS = YES;
				CLANG_WARN_EMPTY_BODY = YES;
				CLANG_WARN_ENUM_CONVERSION = YES;
				CLANG_WARN_INFINITE_RECURSION = YES;
				CLANG_WARN_INT_CONVERSION = YES;
				CLANG_WARN_NON_LITERAL_NULL_CONVERSION = YES;
				CLANG_WARN_OBJC_IMPLICIT_RETAIN_SELF = YES;
				CLANG_WARN_OBJC_LITERAL_CONVERSION = YES;
				CLANG_WARN_OBJC_ROOT_CLASS = YES_ERROR;
				CLANG_WARN_QUOTED_INCLUDE_IN_FRAMEWORK_HEADER = YES;
				CLANG_WARN_RANGE_LOOP_ANALYSIS = YES;
				CLANG_WARN_STRICT_PROTOTYPES = YES;
				CLANG_WARN_SUSPICIOUS_MOVE = YES;
				CLANG_WARN_UNGUARDED_AVAILABILITY = YES_AGGRESSIVE;
				CLANG_WARN_UNREACHABLE_CODE = YES;
				CLANG_WARN__DUPLICATE_METHOD_MATCH = YES;
				COPY_PHASE_STRIP = NO;
				DEBUG_INFORMATION_FORMAT = "dwarf-with-dsym";
				ENABLE_NS_ASSERTIONS = NO;
				ENABLE_STRICT_OBJC_MSGSEND = YES;
				GCC_C_LANGUAGE_STANDARD = gnu11;
				GCC_NO_COMMON_BLOCKS = YES;
				GCC_WARN_64_TO_32_BIT_CONVERSION = YES;
				GCC_WARN_ABOUT_RETURN_TYPE = YES_ERROR;
				GCC_WARN_UNDECLARED_SELECTOR = YES;
				GCC_WARN_UNINITIALIZED_AUTOS = YES_AGGRESSIVE;
				GCC_WARN_UNUSED_FUNCTION = YES;
				GCC_WARN_UNUSED_VARIABLE = YES;
				IPHONEOS_DEPLOYMENT_TARGET = 16.2;
				MTL_ENABLE_DEBUG_INFO = NO;
				MTL_FAST_MATH = YES;
				SDKROOT = iphoneos;
				SWIFT_COMPILATION_MODE = wholemodule;
				SWIFT_OPTIMIZATION_LEVEL = "-O";
				VALIDATE_PRODUCT = YES;
			};
			name = Release;
		};
		4EF6DCEF296EBEBE00EB9360 /* Debug */ = {
			isa = XCBuildConfiguration;
			baseConfigurationReference = F94AE177983F5CE5A47B7235 /* Pods-Artemis.debug.xcconfig */;
			buildSettings = {
				ASSETCATALOG_COMPILER_APPICON_NAME = AppIcon;
				ASSETCATALOG_COMPILER_GLOBAL_ACCENT_COLOR_NAME = AccentColor;
				CODE_SIGN_STYLE = Automatic;
				CURRENT_PROJECT_VERSION = 1;
				GENERATE_INFOPLIST_FILE = YES;
				INFOPLIST_FILE = Artemis/Info.plist;
				INFOPLIST_KEY_UIApplicationSupportsIndirectInputEvents = YES;
				INFOPLIST_KEY_UILaunchStoryboardName = LaunchScreen;
				INFOPLIST_KEY_UIMainStoryboardFile = Main;
				INFOPLIST_KEY_UISupportedInterfaceOrientations_iPad = "UIInterfaceOrientationPortrait UIInterfaceOrientationPortraitUpsideDown UIInterfaceOrientationLandscapeLeft UIInterfaceOrientationLandscapeRight";
				INFOPLIST_KEY_UISupportedInterfaceOrientations_iPhone = "UIInterfaceOrientationPortrait UIInterfaceOrientationLandscapeLeft UIInterfaceOrientationLandscapeRight";
				LD_RUNPATH_SEARCH_PATHS = (
					"$(inherited)",
					"@executable_path/Frameworks",
				);
				MARKETING_VERSION = 1.0;
				PRODUCT_BUNDLE_IDENTIFIER = ForeverYoursStudios.Artemis;
				PRODUCT_NAME = "$(TARGET_NAME)";
				SWIFT_EMIT_LOC_STRINGS = YES;
				SWIFT_VERSION = 5.0;
				TARGETED_DEVICE_FAMILY = "1,2";
			};
			name = Debug;
		};
		4EF6DCF0296EBEBE00EB9360 /* Release */ = {
			isa = XCBuildConfiguration;
			baseConfigurationReference = B6A8494FE85B7741DC36C2E1 /* Pods-Artemis.release.xcconfig */;
			buildSettings = {
				ASSETCATALOG_COMPILER_APPICON_NAME = AppIcon;
				ASSETCATALOG_COMPILER_GLOBAL_ACCENT_COLOR_NAME = AccentColor;
				CODE_SIGN_STYLE = Automatic;
				CURRENT_PROJECT_VERSION = 1;
				GENERATE_INFOPLIST_FILE = YES;
				INFOPLIST_FILE = Artemis/Info.plist;
				INFOPLIST_KEY_UIApplicationSupportsIndirectInputEvents = YES;
				INFOPLIST_KEY_UILaunchStoryboardName = LaunchScreen;
				INFOPLIST_KEY_UIMainStoryboardFile = Main;
				INFOPLIST_KEY_UISupportedInterfaceOrientations_iPad = "UIInterfaceOrientationPortrait UIInterfaceOrientationPortraitUpsideDown UIInterfaceOrientationLandscapeLeft UIInterfaceOrientationLandscapeRight";
				INFOPLIST_KEY_UISupportedInterfaceOrientations_iPhone = "UIInterfaceOrientationPortrait UIInterfaceOrientationLandscapeLeft UIInterfaceOrientationLandscapeRight";
				LD_RUNPATH_SEARCH_PATHS = (
					"$(inherited)",
					"@executable_path/Frameworks",
				);
				MARKETING_VERSION = 1.0;
				PRODUCT_BUNDLE_IDENTIFIER = ForeverYoursStudios.Artemis;
				PRODUCT_NAME = "$(TARGET_NAME)";
				SWIFT_EMIT_LOC_STRINGS = YES;
				SWIFT_VERSION = 5.0;
				TARGETED_DEVICE_FAMILY = "1,2";
			};
			name = Release;
		};
/* End XCBuildConfiguration section */

/* Begin XCConfigurationList section */
		4EF6DCD5296EBEBC00EB9360 /* Build configuration list for PBXProject "Artemis" */ = {
			isa = XCConfigurationList;
			buildConfigurations = (
				4EF6DCEC296EBEBE00EB9360 /* Debug */,
				4EF6DCED296EBEBE00EB9360 /* Release */,
			);
			defaultConfigurationIsVisible = 0;
			defaultConfigurationName = Release;
		};
		4EF6DCEE296EBEBE00EB9360 /* Build configuration list for PBXNativeTarget "Artemis" */ = {
			isa = XCConfigurationList;
			buildConfigurations = (
				4EF6DCEF296EBEBE00EB9360 /* Debug */,
				4EF6DCF0296EBEBE00EB9360 /* Release */,
			);
			defaultConfigurationIsVisible = 0;
			defaultConfigurationName = Release;
		};
/* End XCConfigurationList section */
	};
	rootObject = 4EF6DCD2296EBEBC00EB9360 /* Project object */;
}
