// !$*UTF8*$!
{
	archiveVersion = 1;
	classes = {
	};
	objectVersion = 56;
	objects = {

/* Begin PBXBuildFile section */
		4E30C373296FD406008E21A8 /* Networking.swift in Sources */ = {isa = PBXBuildFile; fileRef = 4E30C372296FD406008E21A8 /* Networking.swift */; };
		4E30C375296FD5E1008E21A8 /* AppSecret.swift in Sources */ = {isa = PBXBuildFile; fileRef = 4E30C374296FD5E1008E21A8 /* AppSecret.swift */; };
		4E30C377296FD62F008E21A8 /* News.swift in Sources */ = {isa = PBXBuildFile; fileRef = 4E30C376296FD62F008E21A8 /* News.swift */; };
		4E30C37929766A93008E21A8 /* TableViewController.swift in Sources */ = {isa = PBXBuildFile; fileRef = 4E30C37829766A93008E21A8 /* TableViewController.swift */; };
		4E30C37B29766D38008E21A8 /* NewsView.swift in Sources */ = {isa = PBXBuildFile; fileRef = 4E30C37A29766D38008E21A8 /* NewsView.swift */; };
		4E30C37D297672CB008E21A8 /* NewsCard.swift in Sources */ = {isa = PBXBuildFile; fileRef = 4E30C37C297672CB008E21A8 /* NewsCard.swift */; };
		4E30C37F2979181B008E21A8 /* SeachVCViewController.swift in Sources */ = {isa = PBXBuildFile; fileRef = 4E30C37E2979181B008E21A8 /* SeachVCViewController.swift */; };
		4E30C38129791843008E21A8 /* favListVC.swift in Sources */ = {isa = PBXBuildFile; fileRef = 4E30C38029791843008E21A8 /* favListVC.swift */; };
		4E30C38529794F93008E21A8 /* catogericalSearch.swift in Sources */ = {isa = PBXBuildFile; fileRef = 4E30C38429794F93008E21A8 /* catogericalSearch.swift */; };
		4E30C387297955BB008E21A8 /* CatogeriesCollectionViewCell.swift in Sources */ = {isa = PBXBuildFile; fileRef = 4E30C386297955BA008E21A8 /* CatogeriesCollectionViewCell.swift */; };
		4EF6DCDE296EBEBD00EB9360 /* AppDelegate.swift in Sources */ = {isa = PBXBuildFile; fileRef = 4EF6DCDD296EBEBD00EB9360 /* AppDelegate.swift */; };
		4EF6DCE0296EBEBD00EB9360 /* SceneDelegate.swift in Sources */ = {isa = PBXBuildFile; fileRef = 4EF6DCDF296EBEBD00EB9360 /* SceneDelegate.swift */; };
		4EF6DCE2296EBEBD00EB9360 /* ViewController.swift in Sources */ = {isa = PBXBuildFile; fileRef = 4EF6DCE1296EBEBD00EB9360 /* ViewController.swift */; };
		4EF6DCE5296EBEBD00EB9360 /* Main.storyboard in Resources */ = {isa = PBXBuildFile; fileRef = 4EF6DCE3296EBEBD00EB9360 /* Main.storyboard */; };
		4EF6DCE7296EBEBE00EB9360 /* Assets.xcassets in Resources */ = {isa = PBXBuildFile; fileRef = 4EF6DCE6296EBEBE00EB9360 /* Assets.xcassets */; };
		4EF6DCEA296EBEBE00EB9360 /* LaunchScreen.storyboard in Resources */ = {isa = PBXBuildFile; fileRef = 4EF6DCE8296EBEBE00EB9360 /* LaunchScreen.storyboard */; };
/* End PBXBuildFile section */

/* Begin PBXFileReference section */
		4E30C372296FD406008E21A8 /* Networking.swift */ = {isa = PBXFileReference; lastKnownFileType = sourcecode.swift; path = Networking.swift; sourceTree = "<group>"; };
		4E30C374296FD5E1008E21A8 /* AppSecret.swift */ = {isa = PBXFileReference; lastKnownFileType = sourcecode.swift; path = AppSecret.swift; sourceTree = "<group>"; };
		4E30C376296FD62F008E21A8 /* News.swift */ = {isa = PBXFileReference; lastKnownFileType = sourcecode.swift; path = News.swift; sourceTree = "<group>"; };
		4E30C37829766A93008E21A8 /* TableViewController.swift */ = {isa = PBXFileReference; lastKnownFileType = sourcecode.swift; path = TableViewController.swift; sourceTree = "<group>"; };
		4E30C37A29766D38008E21A8 /* NewsView.swift */ = {isa = PBXFileReference; lastKnownFileType = sourcecode.swift; path = NewsView.swift; sourceTree = "<group>"; };
		4E30C37C297672CB008E21A8 /* NewsCard.swift */ = {isa = PBXFileReference; lastKnownFileType = sourcecode.swift; path = NewsCard.swift; sourceTree = "<group>"; };
		4E30C37E2979181B008E21A8 /* SeachVCViewController.swift */ = {isa = PBXFileReference; lastKnownFileType = sourcecode.swift; path = SeachVCViewController.swift; sourceTree = "<group>"; };
		4E30C38029791843008E21A8 /* favListVC.swift */ = {isa = PBXFileReference; lastKnownFileType = sourcecode.swift; path = favListVC.swift; sourceTree = "<group>"; };
		4E30C38429794F93008E21A8 /* catogericalSearch.swift */ = {isa = PBXFileReference; lastKnownFileType = sourcecode.swift; path = catogericalSearch.swift; sourceTree = "<group>"; };
		4E30C386297955BA008E21A8 /* CatogeriesCollectionViewCell.swift */ = {isa = PBXFileReference; lastKnownFileType = sourcecode.swift; path = CatogeriesCollectionViewCell.swift; sourceTree = "<group>"; };
		4EF6DCDA296EBEBD00EB9360 /* Artemis.app */ = {isa = PBXFileReference; explicitFileType = wrapper.application; includeInIndex = 0; path = Artemis.app; sourceTree = BUILT_PRODUCTS_DIR; };
		4EF6DCDD296EBEBD00EB9360 /* AppDelegate.swift */ = {isa = PBXFileReference; lastKnownFileType = sourcecode.swift; path = AppDelegate.swift; sourceTree = "<group>"; };
		4EF6DCDF296EBEBD00EB9360 /* SceneDelegate.swift */ = {isa = PBXFileReference; lastKnownFileType = sourcecode.swift; path = SceneDelegate.swift; sourceTree = "<group>"; };
		4EF6DCE1296EBEBD00EB9360 /* ViewController.swift */ = {isa = PBXFileReference; lastKnownFileType = sourcecode.swift; path = ViewController.swift; sourceTree = "<group>"; };
		4EF6DCE4296EBEBD00EB9360 /* Base */ = {isa = PBXFileReference; lastKnownFileType = file.storyboard; name = Base; path = Base.lproj/Main.storyboard; sourceTree = "<group>"; };
		4EF6DCE6296EBEBE00EB9360 /* Assets.xcassets */ = {isa = PBXFileReference; lastKnownFileType = folder.assetcatalog; path = Assets.xcassets; sourceTree = "<group>"; };
		4EF6DCE9296EBEBE00EB9360 /* Base */ = {isa = PBXFileReference; lastKnownFileType = file.storyboard; name = Base; path = Base.lproj/LaunchScreen.storyboard; sourceTree = "<group>"; };
		4EF6DCEB296EBEBE00EB9360 /* Info.plist */ = {isa = PBXFileReference; lastKnownFileType = text.plist.xml; path = Info.plist; sourceTree = "<group>"; };
/* End PBXFileReference section */

/* Begin PBXFrameworksBuildPhase section */
		4EF6DCD7296EBEBD00EB9360 /* Frameworks */ = {
			isa = PBXFrameworksBuildPhase;
			buildActionMask = 2147483647;
			files = (
			);
			runOnlyForDeploymentPostprocessing = 0;
		};
/* End PBXFrameworksBuildPhase section */

/* Begin PBXGroup section */
		4EF6DCD1296EBEBC00EB9360 = {
			isa = PBXGroup;
			children = (
				4E30C386297955BA008E21A8 /* CatogeriesCollectionViewCell.swift */,
				4E30C38429794F93008E21A8 /* catogericalSearch.swift */,
				4E30C37C297672CB008E21A8 /* NewsCard.swift */,
				4EF6DCDC296EBEBD00EB9360 /* Artemis */,
				4EF6DCDB296EBEBD00EB9360 /* Products */,
			);
			sourceTree = "<group>";
		};
		4EF6DCDB296EBEBD00EB9360 /* Products */ = {
			isa = PBXGroup;
			children = (
				4EF6DCDA296EBEBD00EB9360 /* Artemis.app */,
			);
			name = Products;
			sourceTree = "<group>";
		};
		4EF6DCDC296EBEBD00EB9360 /* Artemis */ = {
			isa = PBXGroup;
			children = (
				4EF6DCDD296EBEBD00EB9360 /* AppDelegate.swift */,
				4EF6DCDF296EBEBD00EB9360 /* SceneDelegate.swift */,
				4EF6DCE1296EBEBD00EB9360 /* ViewController.swift */,
				4E30C37829766A93008E21A8 /* TableViewController.swift */,
				4E30C37A29766D38008E21A8 /* NewsView.swift */,
				4EF6DCE3296EBEBD00EB9360 /* Main.storyboard */,
				4EF6DCE6296EBEBE00EB9360 /* Assets.xcassets */,
				4EF6DCE8296EBEBE00EB9360 /* LaunchScreen.storyboard */,
				4EF6DCEB296EBEBE00EB9360 /* Info.plist */,
				4E30C372296FD406008E21A8 /* Networking.swift */,
				4E30C376296FD62F008E21A8 /* News.swift */,
				4E30C374296FD5E1008E21A8 /* AppSecret.swift */,
				4E30C37E2979181B008E21A8 /* SeachVCViewController.swift */,
				4E30C38029791843008E21A8 /* favListVC.swift */,
			);
			path = Artemis;
			sourceTree = "<group>";
		};
/* End PBXGroup section */

/* Begin PBXNativeTarget section */
		4EF6DCD9296EBEBD00EB9360 /* Artemis */ = {
			isa = PBXNativeTarget;
			buildConfigurationList = 4EF6DCEE296EBEBE00EB9360 /* Build configuration list for PBXNativeTarget "Artemis" */;
			buildPhases = (
				4EF6DCD6296EBEBD00EB9360 /* Sources */,
				4EF6DCD7296EBEBD00EB9360 /* Frameworks */,
				4EF6DCD8296EBEBD00EB9360 /* Resources */,
			);
			buildRules = (
			);
			dependencies = (
			);
			name = Artemis;
			productName = Artemis;
			productReference = 4EF6DCDA296EBEBD00EB9360 /* Artemis.app */;
			productType = "com.apple.product-type.application";
		};
/* End PBXNativeTarget section */

/* Begin PBXProject section */
		4EF6DCD2296EBEBC00EB9360 /* Project object */ = {
			isa = PBXProject;
			attributes = {
				BuildIndependentTargetsInParallel = 1;
				LastSwiftUpdateCheck = 1420;
				LastUpgradeCheck = 1420;
				TargetAttributes = {
					4EF6DCD9296EBEBD00EB9360 = {
						CreatedOnToolsVersion = 14.2;
					};
				};
			};
			buildConfigurationList = 4EF6DCD5296EBEBC00EB9360 /* Build configuration list for PBXProject "Artemis" */;
			compatibilityVersion = "Xcode 14.0";
			developmentRegion = en;
			hasScannedForEncodings = 0;
			knownRegions = (
				en,
				Base,
			);
			mainGroup = 4EF6DCD1296EBEBC00EB9360;
			productRefGroup = 4EF6DCDB296EBEBD00EB9360 /* Products */;
			projectDirPath = "";
			projectRoot = "";
			targets = (
				4EF6DCD9296EBEBD00EB9360 /* Artemis */,
			);
		};
/* End PBXProject section */

/* Begin PBXResourcesBuildPhase section */
		4EF6DCD8296EBEBD00EB9360 /* Resources */ = {
			isa = PBXResourcesBuildPhase;
			buildActionMask = 2147483647;
			files = (
				4EF6DCEA296EBEBE00EB9360 /* LaunchScreen.storyboard in Resources */,
				4EF6DCE7296EBEBE00EB9360 /* Assets.xcassets in Resources */,
				4EF6DCE5296EBEBD00EB9360 /* Main.storyboard in Resources */,
			);
			runOnlyForDeploymentPostprocessing = 0;
		};
/* End PBXResourcesBuildPhase section */

/* Begin PBXSourcesBuildPhase section */
		4EF6DCD6296EBEBD00EB9360 /* Sources */ = {
			isa = PBXSourcesBuildPhase;
			buildActionMask = 2147483647;
			files = (
				4E30C37D297672CB008E21A8 /* NewsCard.swift in Sources */,
				4E30C377296FD62F008E21A8 /* News.swift in Sources */,
				4E30C37B29766D38008E21A8 /* NewsView.swift in Sources */,
				4E30C37929766A93008E21A8 /* TableViewController.swift in Sources */,
				4EF6DCE2296EBEBD00EB9360 /* ViewController.swift in Sources */,
				4EF6DCDE296EBEBD00EB9360 /* AppDelegate.swift in Sources */,
				4E30C38529794F93008E21A8 /* catogericalSearch.swift in Sources */,
				4E30C37F2979181B008E21A8 /* SeachVCViewController.swift in Sources */,
				4EF6DCE0296EBEBD00EB9360 /* SceneDelegate.swift in Sources */,
				4E30C38129791843008E21A8 /* favListVC.swift in Sources */,
				4E30C375296FD5E1008E21A8 /* AppSecret.swift in Sources */,
				4E30C373296FD406008E21A8 /* Networking.swift in Sources */,
				4E30C387297955BB008E21A8 /* CatogeriesCollectionViewCell.swift in Sources */,
			);
			runOnlyForDeploymentPostprocessing = 0;
		};
/* End PBXSourcesBuildPhase section */

/* Begin PBXVariantGroup section */
		4EF6DCE3296EBEBD00EB9360 /* Main.storyboard */ = {
			isa = PBXVariantGroup;
			children = (
				4EF6DCE4296EBEBD00EB9360 /* Base */,
			);
			name = Main.storyboard;
			sourceTree = "<group>";
		};
		4EF6DCE8296EBEBE00EB9360 /* LaunchScreen.storyboard */ = {
			isa = PBXVariantGroup;
			children = (
				4EF6DCE9296EBEBE00EB9360 /* Base */,
			);
			name = LaunchScreen.storyboard;
			sourceTree = "<group>";
		};
/* End PBXVariantGroup section */

/* Begin XCBuildConfiguration section */
		4EF6DCEC296EBEBE00EB9360 /* Debug */ = {
			isa = XCBuildConfiguration;
			buildSettings = {
				ALWAYS_SEARCH_USER_PATHS = NO;
				CLANG_ANALYZER_NONNULL = YES;
				CLANG_ANALYZER_NUMBER_OBJECT_CONVERSION = YES_AGGRESSIVE;
				CLANG_CXX_LANGUAGE_STANDARD = "gnu++20";
				CLANG_ENABLE_MODULES = YES;
				CLANG_ENABLE_OBJC_ARC = YES;
				CLANG_ENABLE_OBJC_WEAK = YES;
				CLANG_WARN_BLOCK_CAPTURE_AUTORELEASING = YES;
				CLANG_WARN_BOOL_CONVERSION = YES;
				CLANG_WARN_COMMA = YES;
				CLANG_WARN_CONSTANT_CONVERSION = YES;
				CLANG_WARN_DEPRECATED_OBJC_IMPLEMENTATIONS = YES;
				CLANG_WARN_DIRECT_OBJC_ISA_USAGE = YES_ERROR;
				CLANG_WARN_DOCUMENTATION_COMMENTS = YES;
				CLANG_WARN_EMPTY_BODY = YES;
				CLANG_WARN_ENUM_CONVERSION = YES;
				CLANG_WARN_INFINITE_RECURSION = YES;
				CLANG_WARN_INT_CONVERSION = YES;
				CLANG_WARN_NON_LITERAL_NULL_CONVERSION = YES;
				CLANG_WARN_OBJC_IMPLICIT_RETAIN_SELF = YES;
				CLANG_WARN_OBJC_LITERAL_CONVERSION = YES;
				CLANG_WARN_OBJC_ROOT_CLASS = YES_ERROR;
				CLANG_WARN_QUOTED_INCLUDE_IN_FRAMEWORK_HEADER = YES;
				CLANG_WARN_RANGE_LOOP_ANALYSIS = YES;
				CLANG_WARN_STRICT_PROTOTYPES = YES;
				CLANG_WARN_SUSPICIOUS_MOVE = YES;
				CLANG_WARN_UNGUARDED_AVAILABILITY = YES_AGGRESSIVE;
				CLANG_WARN_UNREACHABLE_CODE = YES;
				CLANG_WARN__DUPLICATE_METHOD_MATCH = YES;
				COPY_PHASE_STRIP = NO;
				DEBUG_INFORMATION_FORMAT = dwarf;
				ENABLE_STRICT_OBJC_MSGSEND = YES;
				ENABLE_TESTABILITY = YES;
				GCC_C_LANGUAGE_STANDARD = gnu11;
				GCC_DYNAMIC_NO_PIC = NO;
				GCC_NO_COMMON_BLOCKS = YES;
				GCC_OPTIMIZATION_LEVEL = 0;
				GCC_PREPROCESSOR_DEFINITIONS = (
					"DEBUG=1",
					"$(inherited)",
				);
				GCC_WARN_64_TO_32_BIT_CONVERSION = YES;
				GCC_WARN_ABOUT_RETURN_TYPE = YES_ERROR;
				GCC_WARN_UNDECLARED_SELECTOR = YES;
				GCC_WARN_UNINITIALIZED_AUTOS = YES_AGGRESSIVE;
				GCC_WARN_UNUSED_FUNCTION = YES;
				GCC_WARN_UNUSED_VARIABLE = YES;
				IPHONEOS_DEPLOYMENT_TARGET = 16.2;
				MTL_ENABLE_DEBUG_INFO = INCLUDE_SOURCE;
				MTL_FAST_MATH = YES;
				ONLY_ACTIVE_ARCH = YES;
				SDKROOT = iphoneos;
				SWIFT_ACTIVE_COMPILATION_CONDITIONS = DEBUG;
				SWIFT_OPTIMIZATION_LEVEL = "-Onone";
			};
			name = Debug;
		};
		4EF6DCED296EBEBE00EB9360 /* Release */ = {
			isa = XCBuildConfiguration;
			buildSettings = {
				ALWAYS_SEARCH_USER_PATHS = NO;
				CLANG_ANALYZER_NONNULL = YES;
				CLANG_ANALYZER_NUMBER_OBJECT_CONVERSION = YES_AGGRESSIVE;
				CLANG_CXX_LANGUAGE_STANDARD = "gnu++20";
				CLANG_ENABLE_MODULES = YES;
				CLANG_ENABLE_OBJC_ARC = YES;
				CLANG_ENABLE_OBJC_WEAK = YES;
				CLANG_WARN_BLOCK_CAPTURE_AUTORELEASING = YES;
				CLANG_WARN_BOOL_CONVERSION = YES;
				CLANG_WARN_COMMA = YES;
				CLANG_WARN_CONSTANT_CONVERSION = YES;
				CLANG_WARN_DEPRECATED_OBJC_IMPLEMENTATIONS = YES;
				CLANG_WARN_DIRECT_OBJC_ISA_USAGE = YES_ERROR;
				CLANG_WARN_DOCUMENTATION_COMMENTS = YES;
				CLANG_WARN_EMPTY_BODY = YES;
				CLANG_WARN_ENUM_CONVERSION = YES;
				CLANG_WARN_INFINITE_RECURSION = YES;
				CLANG_WARN_INT_CONVERSION = YES;
				CLANG_WARN_NON_LITERAL_NULL_CONVERSION = YES;
				CLANG_WARN_OBJC_IMPLICIT_RETAIN_SELF = YES;
				CLANG_WARN_OBJC_LITERAL_CONVERSION = YES;
				CLANG_WARN_OBJC_ROOT_CLASS = YES_ERROR;
				CLANG_WARN_QUOTED_INCLUDE_IN_FRAMEWORK_HEADER = YES;
				CLANG_WARN_RANGE_LOOP_ANALYSIS = YES;
				CLANG_WARN_STRICT_PROTOTYPES = YES;
				CLANG_WARN_SUSPICIOUS_MOVE = YES;
				CLANG_WARN_UNGUARDED_AVAILABILITY = YES_AGGRESSIVE;
				CLANG_WARN_UNREACHABLE_CODE = YES;
				CLANG_WARN__DUPLICATE_METHOD_MATCH = YES;
				COPY_PHASE_STRIP = NO;
				DEBUG_INFORMATION_FORMAT = "dwarf-with-dsym";
				ENABLE_NS_ASSERTIONS = NO;
				ENABLE_STRICT_OBJC_MSGSEND = YES;
				GCC_C_LANGUAGE_STANDARD = gnu11;
				GCC_NO_COMMON_BLOCKS = YES;
				GCC_WARN_64_TO_32_BIT_CONVERSION = YES;
				GCC_WARN_ABOUT_RETURN_TYPE = YES_ERROR;
				GCC_WARN_UNDECLARED_SELECTOR = YES;
				GCC_WARN_UNINITIALIZED_AUTOS = YES_AGGRESSIVE;
				GCC_WARN_UNUSED_FUNCTION = YES;
				GCC_WARN_UNUSED_VARIABLE = YES;
				IPHONEOS_DEPLOYMENT_TARGET = 16.2;
				MTL_ENABLE_DEBUG_INFO = NO;
				MTL_FAST_MATH = YES;
				SDKROOT = iphoneos;
				SWIFT_COMPILATION_MODE = wholemodule;
				SWIFT_OPTIMIZATION_LEVEL = "-O";
				VALIDATE_PRODUCT = YES;
			};
			name = Release;
		};
		4EF6DCEF296EBEBE00EB9360 /* Debug */ = {
			isa = XCBuildConfiguration;
			buildSettings = {
				ASSETCATALOG_COMPILER_APPICON_NAME = AppIcon;
				ASSETCATALOG_COMPILER_GLOBAL_ACCENT_COLOR_NAME = AccentColor;
				CODE_SIGN_STYLE = Automatic;
				CURRENT_PROJECT_VERSION = 1;
				GENERATE_INFOPLIST_FILE = YES;
				INFOPLIST_FILE = Artemis/Info.plist;
				INFOPLIST_KEY_UIApplicationSupportsIndirectInputEvents = YES;
				INFOPLIST_KEY_UILaunchStoryboardName = LaunchScreen;
				INFOPLIST_KEY_UIMainStoryboardFile = Main;
				INFOPLIST_KEY_UISupportedInterfaceOrientations_iPad = "UIInterfaceOrientationPortrait UIInterfaceOrientationPortraitUpsideDown UIInterfaceOrientationLandscapeLeft UIInterfaceOrientationLandscapeRight";
				INFOPLIST_KEY_UISupportedInterfaceOrientations_iPhone = "UIInterfaceOrientationPortrait UIInterfaceOrientationLandscapeLeft UIInterfaceOrientationLandscapeRight";
				LD_RUNPATH_SEARCH_PATHS = (
					"$(inherited)",
					"@executable_path/Frameworks",
				);
				MARKETING_VERSION = 1.0;
				PRODUCT_BUNDLE_IDENTIFIER = ForeverYoursStudios.Artemis;
				PRODUCT_NAME = "$(TARGET_NAME)";
				SWIFT_EMIT_LOC_STRINGS = YES;
				SWIFT_VERSION = 5.0;
				TARGETED_DEVICE_FAMILY = "1,2";
			};
			name = Debug;
		};
		4EF6DCF0296EBEBE00EB9360 /* Release */ = {
			isa = XCBuildConfiguration;
			buildSettings = {
				ASSETCATALOG_COMPILER_APPICON_NAME = AppIcon;
				ASSETCATALOG_COMPILER_GLOBAL_ACCENT_COLOR_NAME = AccentColor;
				CODE_SIGN_STYLE = Automatic;
				CURRENT_PROJECT_VERSION = 1;
				GENERATE_INFOPLIST_FILE = YES;
				INFOPLIST_FILE = Artemis/Info.plist;
				INFOPLIST_KEY_UIApplicationSupportsIndirectInputEvents = YES;
				INFOPLIST_KEY_UILaunchStoryboardName = LaunchScreen;
				INFOPLIST_KEY_UIMainStoryboardFile = Main;
				INFOPLIST_KEY_UISupportedInterfaceOrientations_iPad = "UIInterfaceOrientationPortrait UIInterfaceOrientationPortraitUpsideDown UIInterfaceOrientationLandscapeLeft UIInterfaceOrientationLandscapeRight";
				INFOPLIST_KEY_UISupportedInterfaceOrientations_iPhone = "UIInterfaceOrientationPortrait UIInterfaceOrientationLandscapeLeft UIInterfaceOrientationLandscapeRight";
				LD_RUNPATH_SEARCH_PATHS = (
					"$(inherited)",
					"@executable_path/Frameworks",
				);
				MARKETING_VERSION = 1.0;
				PRODUCT_BUNDLE_IDENTIFIER = ForeverYoursStudios.Artemis;
				PRODUCT_NAME = "$(TARGET_NAME)";
				SWIFT_EMIT_LOC_STRINGS = YES;
				SWIFT_VERSION = 5.0;
				TARGETED_DEVICE_FAMILY = "1,2";
			};
			name = Release;
		};
/* End XCBuildConfiguration section */

/* Begin XCConfigurationList section */
		4EF6DCD5296EBEBC00EB9360 /* Build configuration list for PBXProject "Artemis" */ = {
			isa = XCConfigurationList;
			buildConfigurations = (
				4EF6DCEC296EBEBE00EB9360 /* Debug */,
				4EF6DCED296EBEBE00EB9360 /* Release */,
			);
			defaultConfigurationIsVisible = 0;
			defaultConfigurationName = Release;
		};
		4EF6DCEE296EBEBE00EB9360 /* Build configuration list for PBXNativeTarget "Artemis" */ = {
			isa = XCConfigurationList;
			buildConfigurations = (
				4EF6DCEF296EBEBE00EB9360 /* Debug */,
				4EF6DCF0296EBEBE00EB9360 /* Release */,
			);
			defaultConfigurationIsVisible = 0;
			defaultConfigurationName = Release;
		};
/* End XCConfigurationList section */
	};
	rootObject = 4EF6DCD2296EBEBC00EB9360 /* Project object */;
}
